// !$*UTF8*$!
{
	archiveVersion = 1;
	classes = {
	};
	objectVersion = 50;
	objects = {

/* Begin PBXBuildFile section */
		3A387B5C24188B320039B891 /* AppDelegate.m in Sources */ = {isa = PBXBuildFile; fileRef = 3A387B5B24188B320039B891 /* AppDelegate.m */; };
		3A387B5F24188B320039B891 /* SceneDelegate.m in Sources */ = {isa = PBXBuildFile; fileRef = 3A387B5E24188B320039B891 /* SceneDelegate.m */; };
		3A387B6224188B320039B891 /* ViewController.m in Sources */ = {isa = PBXBuildFile; fileRef = 3A387B6124188B320039B891 /* ViewController.m */; };
		3A387B6524188B320039B891 /* Main.storyboard in Resources */ = {isa = PBXBuildFile; fileRef = 3A387B6324188B320039B891 /* Main.storyboard */; };
		3A387B6824188B320039B891 /* NEDemo.xcdatamodeld in Sources */ = {isa = PBXBuildFile; fileRef = 3A387B6624188B320039B891 /* NEDemo.xcdatamodeld */; };
		3A387B6A24188B340039B891 /* Assets.xcassets in Resources */ = {isa = PBXBuildFile; fileRef = 3A387B6924188B340039B891 /* Assets.xcassets */; };
		3A387B6D24188B340039B891 /* LaunchScreen.storyboard in Resources */ = {isa = PBXBuildFile; fileRef = 3A387B6B24188B340039B891 /* LaunchScreen.storyboard */; };
		3A387B7024188B340039B891 /* main.m in Sources */ = {isa = PBXBuildFile; fileRef = 3A387B6F24188B340039B891 /* main.m */; };
		3A387B7A24188B350039B891 /* NEDemoTests.m in Sources */ = {isa = PBXBuildFile; fileRef = 3A387B7924188B350039B891 /* NEDemoTests.m */; };
		3A387B8524188B350039B891 /* NEDemoUITests.m in Sources */ = {isa = PBXBuildFile; fileRef = 3A387B8424188B350039B891 /* NEDemoUITests.m */; };
/* End PBXBuildFile section */

/* Begin PBXContainerItemProxy section */
		3A387B7624188B350039B891 /* PBXContainerItemProxy */ = {
			isa = PBXContainerItemProxy;
			containerPortal = 3A387B4F24188B320039B891 /* Project object */;
			proxyType = 1;
			remoteGlobalIDString = 3A387B5624188B320039B891;
			remoteInfo = NEDemo;
		};
		3A387B8124188B350039B891 /* PBXContainerItemProxy */ = {
			isa = PBXContainerItemProxy;
			containerPortal = 3A387B4F24188B320039B891 /* Project object */;
			proxyType = 1;
			remoteGlobalIDString = 3A387B5624188B320039B891;
			remoteInfo = NEDemo;
		};
/* End PBXContainerItemProxy section */

/* Begin PBXFileReference section */
		3A387B5724188B320039B891 /* NEDemo.app */ = {isa = PBXFileReference; explicitFileType = wrapper.application; includeInIndex = 0; path = NEDemo.app; sourceTree = BUILT_PRODUCTS_DIR; };
		3A387B5A24188B320039B891 /* AppDelegate.h */ = {isa = PBXFileReference; lastKnownFileType = sourcecode.c.h; path = AppDelegate.h; sourceTree = "<group>"; };
		3A387B5B24188B320039B891 /* AppDelegate.m */ = {isa = PBXFileReference; lastKnownFileType = sourcecode.c.objc; path = AppDelegate.m; sourceTree = "<group>"; };
		3A387B5D24188B320039B891 /* SceneDelegate.h */ = {isa = PBXFileReference; lastKnownFileType = sourcecode.c.h; path = SceneDelegate.h; sourceTree = "<group>"; };
		3A387B5E24188B320039B891 /* SceneDelegate.m */ = {isa = PBXFileReference; lastKnownFileType = sourcecode.c.objc; path = SceneDelegate.m; sourceTree = "<group>"; };
		3A387B6024188B320039B891 /* ViewController.h */ = {isa = PBXFileReference; lastKnownFileType = sourcecode.c.h; path = ViewController.h; sourceTree = "<group>"; };
		3A387B6124188B320039B891 /* ViewController.m */ = {isa = PBXFileReference; lastKnownFileType = sourcecode.c.objc; path = ViewController.m; sourceTree = "<group>"; };
		3A387B6424188B320039B891 /* Base */ = {isa = PBXFileReference; lastKnownFileType = file.storyboard; name = Base; path = Base.lproj/Main.storyboard; sourceTree = "<group>"; };
		3A387B6724188B320039B891 /* NEDemo.xcdatamodel */ = {isa = PBXFileReference; lastKnownFileType = wrapper.xcdatamodel; path = NEDemo.xcdatamodel; sourceTree = "<group>"; };
		3A387B6924188B340039B891 /* Assets.xcassets */ = {isa = PBXFileReference; lastKnownFileType = folder.assetcatalog; path = Assets.xcassets; sourceTree = "<group>"; };
		3A387B6C24188B340039B891 /* Base */ = {isa = PBXFileReference; lastKnownFileType = file.storyboard; name = Base; path = Base.lproj/LaunchScreen.storyboard; sourceTree = "<group>"; };
		3A387B6E24188B340039B891 /* Info.plist */ = {isa = PBXFileReference; lastKnownFileType = text.plist.xml; path = Info.plist; sourceTree = "<group>"; };
		3A387B6F24188B340039B891 /* main.m */ = {isa = PBXFileReference; lastKnownFileType = sourcecode.c.objc; path = main.m; sourceTree = "<group>"; };
		3A387B7524188B350039B891 /* NEDemoTests.xctest */ = {isa = PBXFileReference; explicitFileType = wrapper.cfbundle; includeInIndex = 0; path = NEDemoTests.xctest; sourceTree = BUILT_PRODUCTS_DIR; };
		3A387B7924188B350039B891 /* NEDemoTests.m */ = {isa = PBXFileReference; lastKnownFileType = sourcecode.c.objc; path = NEDemoTests.m; sourceTree = "<group>"; };
		3A387B7B24188B350039B891 /* Info.plist */ = {isa = PBXFileReference; lastKnownFileType = text.plist.xml; path = Info.plist; sourceTree = "<group>"; };
		3A387B8024188B350039B891 /* NEDemoUITests.xctest */ = {isa = PBXFileReference; explicitFileType = wrapper.cfbundle; includeInIndex = 0; path = NEDemoUITests.xctest; sourceTree = BUILT_PRODUCTS_DIR; };
		3A387B8424188B350039B891 /* NEDemoUITests.m */ = {isa = PBXFileReference; lastKnownFileType = sourcecode.c.objc; path = NEDemoUITests.m; sourceTree = "<group>"; };
		3A387B8624188B350039B891 /* Info.plist */ = {isa = PBXFileReference; lastKnownFileType = text.plist.xml; path = Info.plist; sourceTree = "<group>"; };
/* End PBXFileReference section */

/* Begin PBXFrameworksBuildPhase section */
		3A387B5424188B320039B891 /* Frameworks */ = {
			isa = PBXFrameworksBuildPhase;
			buildActionMask = 2147483647;
			files = (
			);
			runOnlyForDeploymentPostprocessing = 0;
		};
		3A387B7224188B350039B891 /* Frameworks */ = {
			isa = PBXFrameworksBuildPhase;
			buildActionMask = 2147483647;
			files = (
			);
			runOnlyForDeploymentPostprocessing = 0;
		};
		3A387B7D24188B350039B891 /* Frameworks */ = {
			isa = PBXFrameworksBuildPhase;
			buildActionMask = 2147483647;
			files = (
			);
			runOnlyForDeploymentPostprocessing = 0;
		};
/* End PBXFrameworksBuildPhase section */

/* Begin PBXGroup section */
		3A387B4E24188B320039B891 = {
			isa = PBXGroup;
			children = (
				3A387B5924188B320039B891 /* NEDemo */,
				3A387B7824188B350039B891 /* NEDemoTests */,
				3A387B8324188B350039B891 /* NEDemoUITests */,
				3A387B5824188B320039B891 /* Products */,
			);
			sourceTree = "<group>";
		};
		3A387B5824188B320039B891 /* Products */ = {
			isa = PBXGroup;
			children = (
				3A387B5724188B320039B891 /* NEDemo.app */,
				3A387B7524188B350039B891 /* NEDemoTests.xctest */,
				3A387B8024188B350039B891 /* NEDemoUITests.xctest */,
			);
			name = Products;
			sourceTree = "<group>";
		};
		3A387B5924188B320039B891 /* NEDemo */ = {
			isa = PBXGroup;
			children = (
				3A387B5A24188B320039B891 /* AppDelegate.h */,
				3A387B5B24188B320039B891 /* AppDelegate.m */,
				3A387B5D24188B320039B891 /* SceneDelegate.h */,
				3A387B5E24188B320039B891 /* SceneDelegate.m */,
				3A387B6024188B320039B891 /* ViewController.h */,
				3A387B6124188B320039B891 /* ViewController.m */,
				3A387B6324188B320039B891 /* Main.storyboard */,
				3A387B6924188B340039B891 /* Assets.xcassets */,
				3A387B6B24188B340039B891 /* LaunchScreen.storyboard */,
				3A387B6E24188B340039B891 /* Info.plist */,
				3A387B6F24188B340039B891 /* main.m */,
				3A387B6624188B320039B891 /* NEDemo.xcdatamodeld */,
			);
			path = NEDemo;
			sourceTree = "<group>";
		};
		3A387B7824188B350039B891 /* NEDemoTests */ = {
			isa = PBXGroup;
			children = (
				3A387B7924188B350039B891 /* NEDemoTests.m */,
				3A387B7B24188B350039B891 /* Info.plist */,
			);
			path = NEDemoTests;
			sourceTree = "<group>";
		};
		3A387B8324188B350039B891 /* NEDemoUITests */ = {
			isa = PBXGroup;
			children = (
				3A387B8424188B350039B891 /* NEDemoUITests.m */,
				3A387B8624188B350039B891 /* Info.plist */,
			);
			path = NEDemoUITests;
			sourceTree = "<group>";
		};
/* End PBXGroup section */

/* Begin PBXNativeTarget section */
		3A387B5624188B320039B891 /* NEDemo */ = {
			isa = PBXNativeTarget;
			buildConfigurationList = 3A387B8924188B350039B891 /* Build configuration list for PBXNativeTarget "NEDemo" */;
			buildPhases = (
				3A387B5324188B320039B891 /* Sources */,
				3A387B5424188B320039B891 /* Frameworks */,
				3A387B5524188B320039B891 /* Resources */,
			);
			buildRules = (
			);
			dependencies = (
			);
			name = NEDemo;
			productName = NEDemo;
			productReference = 3A387B5724188B320039B891 /* NEDemo.app */;
			productType = "com.apple.product-type.application";
		};
		3A387B7424188B350039B891 /* NEDemoTests */ = {
			isa = PBXNativeTarget;
			buildConfigurationList = 3A387B8C24188B350039B891 /* Build configuration list for PBXNativeTarget "NEDemoTests" */;
			buildPhases = (
				3A387B7124188B350039B891 /* Sources */,
				3A387B7224188B350039B891 /* Frameworks */,
				3A387B7324188B350039B891 /* Resources */,
			);
			buildRules = (
			);
			dependencies = (
				3A387B7724188B350039B891 /* PBXTargetDependency */,
			);
			name = NEDemoTests;
			productName = NEDemoTests;
			productReference = 3A387B7524188B350039B891 /* NEDemoTests.xctest */;
			productType = "com.apple.product-type.bundle.unit-test";
		};
		3A387B7F24188B350039B891 /* NEDemoUITests */ = {
			isa = PBXNativeTarget;
			buildConfigurationList = 3A387B8F24188B350039B891 /* Build configuration list for PBXNativeTarget "NEDemoUITests" */;
			buildPhases = (
				3A387B7C24188B350039B891 /* Sources */,
				3A387B7D24188B350039B891 /* Frameworks */,
				3A387B7E24188B350039B891 /* Resources */,
			);
			buildRules = (
			);
			dependencies = (
				3A387B8224188B350039B891 /* PBXTargetDependency */,
			);
			name = NEDemoUITests;
			productName = NEDemoUITests;
			productReference = 3A387B8024188B350039B891 /* NEDemoUITests.xctest */;
			productType = "com.apple.product-type.bundle.ui-testing";
		};
/* End PBXNativeTarget section */

/* Begin PBXProject section */
		3A387B4F24188B320039B891 /* Project object */ = {
			isa = PBXProject;
			attributes = {
				LastUpgradeCheck = 1130;
				ORGANIZATIONNAME = ATCG;
				TargetAttributes = {
					3A387B5624188B320039B891 = {
						CreatedOnToolsVersion = 11.3.1;
					};
					3A387B7424188B350039B891 = {
						CreatedOnToolsVersion = 11.3.1;
						TestTargetID = 3A387B5624188B320039B891;
					};
					3A387B7F24188B350039B891 = {
						CreatedOnToolsVersion = 11.3.1;
						TestTargetID = 3A387B5624188B320039B891;
					};
				};
			};
			buildConfigurationList = 3A387B5224188B320039B891 /* Build configuration list for PBXProject "NEDemo" */;
			compatibilityVersion = "Xcode 9.3";
			developmentRegion = en;
			hasScannedForEncodings = 0;
			knownRegions = (
				en,
				Base,
			);
			mainGroup = 3A387B4E24188B320039B891;
			productRefGroup = 3A387B5824188B320039B891 /* Products */;
			projectDirPath = "";
			projectRoot = "";
			targets = (
				3A387B5624188B320039B891 /* NEDemo */,
				3A387B7424188B350039B891 /* NEDemoTests */,
				3A387B7F24188B350039B891 /* NEDemoUITests */,
			);
		};
/* End PBXProject section */

/* Begin PBXResourcesBuildPhase section */
		3A387B5524188B320039B891 /* Resources */ = {
			isa = PBXResourcesBuildPhase;
			buildActionMask = 2147483647;
			files = (
				3A387B6D24188B340039B891 /* LaunchScreen.storyboard in Resources */,
				3A387B6A24188B340039B891 /* Assets.xcassets in Resources */,
				3A387B6524188B320039B891 /* Main.storyboard in Resources */,
			);
			runOnlyForDeploymentPostprocessing = 0;
		};
		3A387B7324188B350039B891 /* Resources */ = {
			isa = PBXResourcesBuildPhase;
			buildActionMask = 2147483647;
			files = (
			);
			runOnlyForDeploymentPostprocessing = 0;
		};
		3A387B7E24188B350039B891 /* Resources */ = {
			isa = PBXResourcesBuildPhase;
			buildActionMask = 2147483647;
			files = (
			);
			runOnlyForDeploymentPostprocessing = 0;
		};
/* End PBXResourcesBuildPhase section */

/* Begin PBXSourcesBuildPhase section */
		3A387B5324188B320039B891 /* Sources */ = {
			isa = PBXSourcesBuildPhase;
			buildActionMask = 2147483647;
			files = (
				3A387B7024188B340039B891 /* main.m in Sources */,
				3A387B6224188B320039B891 /* ViewController.m in Sources */,
				3A387B5C24188B320039B891 /* AppDelegate.m in Sources */,
				3A387B5F24188B320039B891 /* SceneDelegate.m in Sources */,
				3A387B6824188B320039B891 /* NEDemo.xcdatamodeld in Sources */,
			);
			runOnlyForDeploymentPostprocessing = 0;
		};
		3A387B7124188B350039B891 /* Sources */ = {
			isa = PBXSourcesBuildPhase;
			buildActionMask = 2147483647;
			files = (
				3A387B7A24188B350039B891 /* NEDemoTests.m in Sources */,
			);
			runOnlyForDeploymentPostprocessing = 0;
		};
		3A387B7C24188B350039B891 /* Sources */ = {
			isa = PBXSourcesBuildPhase;
			buildActionMask = 2147483647;
			files = (
				3A387B8524188B350039B891 /* NEDemoUITests.m in Sources */,
			);
			runOnlyForDeploymentPostprocessing = 0;
		};
/* End PBXSourcesBuildPhase section */

/* Begin PBXTargetDependency section */
		3A387B7724188B350039B891 /* PBXTargetDependency */ = {
			isa = PBXTargetDependency;
			target = 3A387B5624188B320039B891 /* NEDemo */;
			targetProxy = 3A387B7624188B350039B891 /* PBXContainerItemProxy */;
		};
		3A387B8224188B350039B891 /* PBXTargetDependency */ = {
			isa = PBXTargetDependency;
			target = 3A387B5624188B320039B891 /* NEDemo */;
			targetProxy = 3A387B8124188B350039B891 /* PBXContainerItemProxy */;
		};
/* End PBXTargetDependency section */

/* Begin PBXVariantGroup section */
		3A387B6324188B320039B891 /* Main.storyboard */ = {
			isa = PBXVariantGroup;
			children = (
				3A387B6424188B320039B891 /* Base */,
			);
			name = Main.storyboard;
			sourceTree = "<group>";
		};
		3A387B6B24188B340039B891 /* LaunchScreen.storyboard */ = {
			isa = PBXVariantGroup;
			children = (
				3A387B6C24188B340039B891 /* Base */,
			);
			name = LaunchScreen.storyboard;
			sourceTree = "<group>";
		};
/* End PBXVariantGroup section */

/* Begin XCBuildConfiguration section */
		3A387B8724188B350039B891 /* Debug */ = {
			isa = XCBuildConfiguration;
			buildSettings = {
				ALWAYS_SEARCH_USER_PATHS = NO;
				CLANG_ANALYZER_NONNULL = YES;
				CLANG_ANALYZER_NUMBER_OBJECT_CONVERSION = YES_AGGRESSIVE;
				CLANG_CXX_LANGUAGE_STANDARD = "gnu++14";
				CLANG_CXX_LIBRARY = "libc++";
				CLANG_ENABLE_MODULES = YES;
				CLANG_ENABLE_OBJC_ARC = YES;
				CLANG_ENABLE_OBJC_WEAK = YES;
				CLANG_WARN_BLOCK_CAPTURE_AUTORELEASING = YES;
				CLANG_WARN_BOOL_CONVERSION = YES;
				CLANG_WARN_COMMA = YES;
				CLANG_WARN_CONSTANT_CONVERSION = YES;
				CLANG_WARN_DEPRECATED_OBJC_IMPLEMENTATIONS = YES;
				CLANG_WARN_DIRECT_OBJC_ISA_USAGE = YES_ERROR;
				CLANG_WARN_DOCUMENTATION_COMMENTS = YES;
				CLANG_WARN_EMPTY_BODY = YES;
				CLANG_WARN_ENUM_CONVERSION = YES;
				CLANG_WARN_INFINITE_RECURSION = YES;
				CLANG_WARN_INT_CONVERSION = YES;
				CLANG_WARN_NON_LITERAL_NULL_CONVERSION = YES;
				CLANG_WARN_OBJC_IMPLICIT_RETAIN_SELF = YES;
				CLANG_WARN_OBJC_LITERAL_CONVERSION = YES;
				CLANG_WARN_OBJC_ROOT_CLASS = YES_ERROR;
				CLANG_WARN_RANGE_LOOP_ANALYSIS = YES;
				CLANG_WARN_STRICT_PROTOTYPES = YES;
				CLANG_WARN_SUSPICIOUS_MOVE = YES;
				CLANG_WARN_UNGUARDED_AVAILABILITY = YES_AGGRESSIVE;
				CLANG_WARN_UNREACHABLE_CODE = YES;
				CLANG_WARN__DUPLICATE_METHOD_MATCH = YES;
				COPY_PHASE_STRIP = NO;
				DEBUG_INFORMATION_FORMAT = dwarf;
				ENABLE_STRICT_OBJC_MSGSEND = YES;
				ENABLE_TESTABILITY = YES;
				GCC_C_LANGUAGE_STANDARD = gnu11;
				GCC_DYNAMIC_NO_PIC = NO;
				GCC_NO_COMMON_BLOCKS = YES;
				GCC_OPTIMIZATION_LEVEL = 0;
				GCC_PREPROCESSOR_DEFINITIONS = (
					"DEBUG=1",
					"$(inherited)",
				);
				GCC_WARN_64_TO_32_BIT_CONVERSION = YES;
				GCC_WARN_ABOUT_RETURN_TYPE = YES_ERROR;
				GCC_WARN_UNDECLARED_SELECTOR = YES;
				GCC_WARN_UNINITIALIZED_AUTOS = YES_AGGRESSIVE;
				GCC_WARN_UNUSED_FUNCTION = YES;
				GCC_WARN_UNUSED_VARIABLE = YES;
				IPHONEOS_DEPLOYMENT_TARGET = 13.2;
				MTL_ENABLE_DEBUG_INFO = INCLUDE_SOURCE;
				MTL_FAST_MATH = YES;
				ONLY_ACTIVE_ARCH = YES;
				SDKROOT = iphoneos;
			};
			name = Debug;
		};
		3A387B8824188B350039B891 /* Release */ = {
			isa = XCBuildConfiguration;
			buildSettings = {
				ALWAYS_SEARCH_USER_PATHS = NO;
				CLANG_ANALYZER_NONNULL = YES;
				CLANG_ANALYZER_NUMBER_OBJECT_CONVERSION = YES_AGGRESSIVE;
				CLANG_CXX_LANGUAGE_STANDARD = "gnu++14";
				CLANG_CXX_LIBRARY = "libc++";
				CLANG_ENABLE_MODULES = YES;
				CLANG_ENABLE_OBJC_ARC = YES;
				CLANG_ENABLE_OBJC_WEAK = YES;
				CLANG_WARN_BLOCK_CAPTURE_AUTORELEASING = YES;
				CLANG_WARN_BOOL_CONVERSION = YES;
				CLANG_WARN_COMMA = YES;
				CLANG_WARN_CONSTANT_CONVERSION = YES;
				CLANG_WARN_DEPRECATED_OBJC_IMPLEMENTATIONS = YES;
				CLANG_WARN_DIRECT_OBJC_ISA_USAGE = YES_ERROR;
				CLANG_WARN_DOCUMENTATION_COMMENTS = YES;
				CLANG_WARN_EMPTY_BODY = YES;
				CLANG_WARN_ENUM_CONVERSION = YES;
				CLANG_WARN_INFINITE_RECURSION = YES;
				CLANG_WARN_INT_CONVERSION = YES;
				CLANG_WARN_NON_LITERAL_NULL_CONVERSION = YES;
				CLANG_WARN_OBJC_IMPLICIT_RETAIN_SELF = YES;
				CLANG_WARN_OBJC_LITERAL_CONVERSION = YES;
				CLANG_WARN_OBJC_ROOT_CLASS = YES_ERROR;
				CLANG_WARN_RANGE_LOOP_ANALYSIS = YES;
				CLANG_WARN_STRICT_PROTOTYPES = YES;
				CLANG_WARN_SUSPICIOUS_MOVE = YES;
				CLANG_WARN_UNGUARDED_AVAILABILITY = YES_AGGRESSIVE;
				CLANG_WARN_UNREACHABLE_CODE = YES;
				CLANG_WARN__DUPLICATE_METHOD_MATCH = YES;
				COPY_PHASE_STRIP = NO;
				DEBUG_INFORMATION_FORMAT = "dwarf-with-dsym";
				ENABLE_NS_ASSERTIONS = NO;
				ENABLE_STRICT_OBJC_MSGSEND = YES;
				GCC_C_LANGUAGE_STANDARD = gnu11;
				GCC_NO_COMMON_BLOCKS = YES;
				GCC_WARN_64_TO_32_BIT_CONVERSION = YES;
				GCC_WARN_ABOUT_RETURN_TYPE = YES_ERROR;
				GCC_WARN_UNDECLARED_SELECTOR = YES;
				GCC_WARN_UNINITIALIZED_AUTOS = YES_AGGRESSIVE;
				GCC_WARN_UNUSED_FUNCTION = YES;
				GCC_WARN_UNUSED_VARIABLE = YES;
				IPHONEOS_DEPLOYMENT_TARGET = 13.2;
				MTL_ENABLE_DEBUG_INFO = NO;
				MTL_FAST_MATH = YES;
				SDKROOT = iphoneos;
				VALIDATE_PRODUCT = YES;
			};
			name = Release;
		};
		3A387B8A24188B350039B891 /* Debug */ = {
			isa = XCBuildConfiguration;
			buildSettings = {
				ASSETCATALOG_COMPILER_APPICON_NAME = AppIcon;
				CODE_SIGN_STYLE = Automatic;
				DEVELOPMENT_TEAM = 7B7CY4X32L;
				INFOPLIST_FILE = NEDemo/Info.plist;
				LD_RUNPATH_SEARCH_PATHS = (
					"$(inherited)",
					"@executable_path/Frameworks",
				);
				PRODUCT_BUNDLE_IDENTIFIER = com.atgc.NEDemo;
				PRODUCT_NAME = "$(TARGET_NAME)";
				TARGETED_DEVICE_FAMILY = "1,2";
			};
			name = Debug;
		};
		3A387B8B24188B350039B891 /* Release */ = {
			isa = XCBuildConfiguration;
			buildSettings = {
				ASSETCATALOG_COMPILER_APPICON_NAME = AppIcon;
				CODE_SIGN_STYLE = Automatic;
				DEVELOPMENT_TEAM = 7B7CY4X32L;
				INFOPLIST_FILE = NEDemo/Info.plist;
				LD_RUNPATH_SEARCH_PATHS = (
					"$(inherited)",
					"@executable_path/Frameworks",
				);
				PRODUCT_BUNDLE_IDENTIFIER = com.atgc.NEDemo;
				PRODUCT_NAME = "$(TARGET_NAME)";
				TARGETED_DEVICE_FAMILY = "1,2";
			};
			name = Release;
		};
		3A387B8D24188B350039B891 /* Debug */ = {
			isa = XCBuildConfiguration;
			buildSettings = {
				BUNDLE_LOADER = "$(TEST_HOST)";
				CODE_SIGN_STYLE = Automatic;
				DEVELOPMENT_TEAM = 7B7CY4X32L;
				INFOPLIST_FILE = NEDemoTests/Info.plist;
				IPHONEOS_DEPLOYMENT_TARGET = 13.2;
				LD_RUNPATH_SEARCH_PATHS = (
					"$(inherited)",
					"@executable_path/Frameworks",
					"@loader_path/Frameworks",
				);
				PRODUCT_BUNDLE_IDENTIFIER = com.atgc.NEDemoTests;
				PRODUCT_NAME = "$(TARGET_NAME)";
				TARGETED_DEVICE_FAMILY = "1,2";
				TEST_HOST = "$(BUILT_PRODUCTS_DIR)/NEDemo.app/NEDemo";
			};
			name = Debug;
		};
		3A387B8E24188B350039B891 /* Release */ = {
			isa = XCBuildConfiguration;
			buildSettings = {
				BUNDLE_LOADER = "$(TEST_HOST)";
				CODE_SIGN_STYLE = Automatic;
				DEVELOPMENT_TEAM = 7B7CY4X32L;
				INFOPLIST_FILE = NEDemoTests/Info.plist;
				IPHONEOS_DEPLOYMENT_TARGET = 13.2;
				LD_RUNPATH_SEARCH_PATHS = (
					"$(inherited)",
					"@executable_path/Frameworks",
					"@loader_path/Frameworks",
				);
				PRODUCT_BUNDLE_IDENTIFIER = com.atgc.NEDemoTests;
				PRODUCT_NAME = "$(TARGET_NAME)";
				TARGETED_DEVICE_FAMILY = "1,2";
				TEST_HOST = "$(BUILT_PRODUCTS_DIR)/NEDemo.app/NEDemo";
			};
			name = Release;
		};
		3A387B9024188B350039B891 /* Debug */ = {
			isa = XCBuildConfiguration;
			buildSettings = {
				CODE_SIGN_STYLE = Automatic;
				DEVELOPMENT_TEAM = 7B7CY4X32L;
				INFOPLIST_FILE = NEDemoUITests/Info.plist;
				LD_RUNPATH_SEARCH_PATHS = (
					"$(inherited)",
					"@executable_path/Frameworks",
					"@loader_path/Frameworks",
				);
				PRODUCT_BUNDLE_IDENTIFIER = com.atgc.NEDemoUITests;
				PRODUCT_NAME = "$(TARGET_NAME)";
				TARGETED_DEVICE_FAMILY = "1,2";
				TEST_TARGET_NAME = NEDemo;
			};
			name = Debug;
		};
		3A387B9124188B350039B891 /* Release */ = {
			isa = XCBuildConfiguration;
			buildSettings = {
				CODE_SIGN_STYLE = Automatic;
				DEVELOPMENT_TEAM = 7B7CY4X32L;
				INFOPLIST_FILE = NEDemoUITests/Info.plist;
				LD_RUNPATH_SEARCH_PATHS = (
					"$(inherited)",
					"@executable_path/Frameworks",
					"@loader_path/Frameworks",
				);
				PRODUCT_BUNDLE_IDENTIFIER = com.atgc.NEDemoUITests;
				PRODUCT_NAME = "$(TARGET_NAME)";
				TARGETED_DEVICE_FAMILY = "1,2";
				TEST_TARGET_NAME = NEDemo;
			};
			name = Release;
		};
/* End XCBuildConfiguration section */

/* Begin XCConfigurationList section */
		3A387B5224188B320039B891 /* Build configuration list for PBXProject "NEDemo" */ = {
			isa = XCConfigurationList;
			buildConfigurations = (
				3A387B8724188B350039B891 /* Debug */,
				3A387B8824188B350039B891 /* Release */,
			);
			defaultConfigurationIsVisible = 0;
			defaultConfigurationName = Release;
		};
		3A387B8924188B350039B891 /* Build configuration list for PBXNativeTarget "NEDemo" */ = {
			isa = XCConfigurationList;
			buildConfigurations = (
				3A387B8A24188B350039B891 /* Debug */,
				3A387B8B24188B350039B891 /* Release */,
			);
			defaultConfigurationIsVisible = 0;
			defaultConfigurationName = Release;
		};
		3A387B8C24188B350039B891 /* Build configuration list for PBXNativeTarget "NEDemoTests" */ = {
			isa = XCConfigurationList;
			buildConfigurations = (
				3A387B8D24188B350039B891 /* Debug */,
				3A387B8E24188B350039B891 /* Release */,
			);
			defaultConfigurationIsVisible = 0;
			defaultConfigurationName = Release;
		};
		3A387B8F24188B350039B891 /* Build configuration list for PBXNativeTarget "NEDemoUITests" */ = {
			isa = XCConfigurationList;
			buildConfigurations = (
				3A387B9024188B350039B891 /* Debug */,
				3A387B9124188B350039B891 /* Release */,
			);
			defaultConfigurationIsVisible = 0;
			defaultConfigurationName = Release;
		};
/* End XCConfigurationList section */

/* Begin XCVersionGroup section */
		3A387B6624188B320039B891 /* NEDemo.xcdatamodeld */ = {
			isa = XCVersionGroup;
			children = (
				3A387B6724188B320039B891 /* NEDemo.xcdatamodel */,
			);
			currentVersion = 3A387B6724188B320039B891 /* NEDemo.xcdatamodel */;
			path = NEDemo.xcdatamodeld;
			sourceTree = "<group>";
			versionGroupType = wrapper.xcdatamodel;
		};
/* End XCVersionGroup section */
	};
	rootObject = 3A387B4F24188B320039B891 /* Project object */;
}
